
Microsoft Visual Studio Solution File, Format Version 12.00
# Visual Studio Version 17
VisualStudioVersion = 17.5.33414.496
MinimumVisualStudioVersion = 10.0.40219.1
Project("{FAE04EC0-301F-11D3-BF4B-00C04F79EFBC}") = "modul8_1302213016", "modul8_1302213016\modul8_1302213016.csproj", "{AF6F34F1-7AB2-4F98-837E-B28F90B24A50}"
EndProject
Global
	GlobalSection(SolutionConfigurationPlatforms) = preSolution
		Debug|Any CPU = Debug|Any CPU
		Release|Any CPU = Release|Any CPU
	EndGlobalSection
	GlobalSection(ProjectConfigurationPlatforms) = postSolution
		{AF6F34F1-7AB2-4F98-837E-B28F90B24A50}.Debug|Any CPU.ActiveCfg = Debug|Any CPU
		{AF6F34F1-7AB2-4F98-837E-B28F90B24A50}.Debug|Any CPU.Build.0 = Debug|Any CPU
		{AF6F34F1-7AB2-4F98-837E-B28F90B24A50}.Release|Any CPU.ActiveCfg = Release|Any CPU
		{AF6F34F1-7AB2-4F98-837E-B28F90B24A50}.Release|Any CPU.Build.0 = Release|Any CPU
	EndGlobalSection
	GlobalSection(SolutionProperties) = preSolution
		HideSolutionNode = FALSE
	EndGlobalSection
	GlobalSection(ExtensibilityGlobals) = postSolution
		SolutionGuid = {752AC379-F1F7-4130-BBE6-1CF591EB2C63}
	EndGlobalSection
EndGlobal
